
Microsoft Visual Studio Solution File, Format Version 12.00
# Visual Studio Version 16
VisualStudioVersion = 16.0.28803.202
MinimumVisualStudioVersion = 10.0.40219.1
Project("{FAE04EC0-301F-11D3-BF4B-00C04F79EFBC}") = "palindrome.library", "palindrome.library\palindrome.library.csproj", "{BD601C62-D759-4EB9-A823-C0B8824A7E54}"
EndProject
Project("{FAE04EC0-301F-11D3-BF4B-00C04F79EFBC}") = "PalindromeXUnitTesting.Tests", "PalindromeXUnitTesting.Tests\PalindromeXUnitTesting.Tests.csproj", "{23C25920-6092-42A7-B0B8-D6713AC757A0}"
EndProject
Global
	GlobalSection(SolutionConfigurationPlatforms) = preSolution
		Debug|Any CPU = Debug|Any CPU
		Release|Any CPU = Release|Any CPU
	EndGlobalSection
	GlobalSection(ProjectConfigurationPlatforms) = postSolution
		{BD601C62-D759-4EB9-A823-C0B8824A7E54}.Debug|Any CPU.ActiveCfg = Debug|Any CPU
		{BD601C62-D759-4EB9-A823-C0B8824A7E54}.Debug|Any CPU.Build.0 = Debug|Any CPU
		{BD601C62-D759-4EB9-A823-C0B8824A7E54}.Release|Any CPU.ActiveCfg = Release|Any CPU
		{BD601C62-D759-4EB9-A823-C0B8824A7E54}.Release|Any CPU.Build.0 = Release|Any CPU
		{23C25920-6092-42A7-B0B8-D6713AC757A0}.Debug|Any CPU.ActiveCfg = Debug|Any CPU
		{23C25920-6092-42A7-B0B8-D6713AC757A0}.Debug|Any CPU.Build.0 = Debug|Any CPU
		{23C25920-6092-42A7-B0B8-D6713AC757A0}.Release|Any CPU.ActiveCfg = Release|Any CPU
		{23C25920-6092-42A7-B0B8-D6713AC757A0}.Release|Any CPU.Build.0 = Release|Any CPU
	EndGlobalSection
	GlobalSection(SolutionProperties) = preSolution
		HideSolutionNode = FALSE
	EndGlobalSection
	GlobalSection(ExtensibilityGlobals) = postSolution
		SolutionGuid = {7802D383-8375-46B2-9751-6EEC6999653F}
	EndGlobalSection
EndGlobal
